Microsoft Visual Studio Solution File, Format Version 12.00
# Visual Studio Version 17
VisualStudioVersion = 17.5.2.0
MinimumVisualStudioVersion = 10.0.40219.1
Project("{FAE04EC0-301F-11D3-BF4B-00C04F79EFBC}") = "AlbionRadar", "AlbionRadar.csproj", "{2AE1923C-B67F-FB96-EAC0-DFF3FE836431}"
EndProject
Global
	GlobalSection(SolutionConfigurationPlatforms) = preSolution
		Debug|Any CPU = Debug|Any CPU
		Release|Any CPU = Release|Any CPU
	EndGlobalSection
	GlobalSection(ProjectConfigurationPlatforms) = postSolution
		{2AE1923C-B67F-FB96-EAC0-DFF3FE836431}.Debug|Any CPU.ActiveCfg = Debug|Any CPU
		{2AE1923C-B67F-FB96-EAC0-DFF3FE836431}.Debug|Any CPU.Build.0 = Debug|Any CPU
		{2AE1923C-B67F-FB96-EAC0-DFF3FE836431}.Release|Any CPU.ActiveCfg = Release|Any CPU
		{2AE1923C-B67F-FB96-EAC0-DFF3FE836431}.Release|Any CPU.Build.0 = Release|Any CPU
	EndGlobalSection
	GlobalSection(SolutionProperties) = preSolution
		HideSolutionNode = FALSE
	EndGlobalSection
	GlobalSection(ExtensibilityGlobals) = postSolution
		SolutionGuid = {06E1E37A-F263-4880-8A6D-9D4F1E1DB17D}
	EndGlobalSection
EndGlobal
